
Microsoft Visual Studio Solution File, Format Version 12.00
# Visual Studio Version 16
VisualStudioVersion = 16.0.29519.87
MinimumVisualStudioVersion = 10.0.40219.1
Project("{FAE04EC0-301F-11D3-BF4B-00C04F79EFBC}") = "Numbers", "Numbers\Numbers.csproj", "{8AC721E3-F45E-46F6-A74C-73B58394FAA9}"
EndProject
Global
	GlobalSection(SolutionConfigurationPlatforms) = preSolution
		Debug|Any CPU = Debug|Any CPU
		Release|Any CPU = Release|Any CPU
	EndGlobalSection
	GlobalSection(ProjectConfigurationPlatforms) = postSolution
		{8AC721E3-F45E-46F6-A74C-73B58394FAA9}.Debug|Any CPU.ActiveCfg = Debug|Any CPU
		{8AC721E3-F45E-46F6-A74C-73B58394FAA9}.Debug|Any CPU.Build.0 = Debug|Any CPU
		{8AC721E3-F45E-46F6-A74C-73B58394FAA9}.Release|Any CPU.ActiveCfg = Release|Any CPU
		{8AC721E3-F45E-46F6-A74C-73B58394FAA9}.Release|Any CPU.Build.0 = Release|Any CPU
	EndGlobalSection
	GlobalSection(SolutionProperties) = preSolution
		HideSolutionNode = FALSE
	EndGlobalSection
	GlobalSection(ExtensibilityGlobals) = postSolution
		SolutionGuid = {76764B2C-B2D9-431D-9AAD-7362A7D7188F}
	EndGlobalSection
EndGlobal
